// !$*UTF8*$!
{
	archiveVersion = 1;
	classes = {
	};
	objectVersion = 50;
	objects = {

/* Begin PBXBuildFile section */
		EA50FBB425520AE10004421E /* AppDelegate.swift in Sources */ = {isa = PBXBuildFile; fileRef = EA50FBB325520AE10004421E /* AppDelegate.swift */; };
		EA50FBB625520AE10004421E /* SceneDelegate.swift in Sources */ = {isa = PBXBuildFile; fileRef = EA50FBB525520AE10004421E /* SceneDelegate.swift */; };
		EA50FBB825520AE10004421E /* EmojiMemoryGameView.swift in Sources */ = {isa = PBXBuildFile; fileRef = EA50FBB725520AE10004421E /* EmojiMemoryGameView.swift */; };
		EA50FBBA25520AE10004421E /* Assets.xcassets in Resources */ = {isa = PBXBuildFile; fileRef = EA50FBB925520AE10004421E /* Assets.xcassets */; };
		EA50FBBD25520AE10004421E /* Preview Assets.xcassets in Resources */ = {isa = PBXBuildFile; fileRef = EA50FBBC25520AE10004421E /* Preview Assets.xcassets */; };
		EA50FBC025520AE10004421E /* LaunchScreen.storyboard in Resources */ = {isa = PBXBuildFile; fileRef = EA50FBBE25520AE10004421E /* LaunchScreen.storyboard */; };
		EA7AFF1E2561DBD500C906BB /* MemoryGame.swift in Sources */ = {isa = PBXBuildFile; fileRef = EA7AFF1D2561DBD500C906BB /* MemoryGame.swift */; };
		EA7AFF212561E05C00C906BB /* EmojiMemoryGame.swift in Sources */ = {isa = PBXBuildFile; fileRef = EA7AFF202561E05C00C906BB /* EmojiMemoryGame.swift */; };
		EA7AFF272563107C00C906BB /* Grid.swift in Sources */ = {isa = PBXBuildFile; fileRef = EA7AFF262563107C00C906BB /* Grid.swift */; };
		EA7AFF2A25632A7700C906BB /* GridLayout.swift in Sources */ = {isa = PBXBuildFile; fileRef = EA7AFF2925632A7700C906BB /* GridLayout.swift */; };
		EA7AFF2D256330A700C906BB /* Array+Identifiable.swift in Sources */ = {isa = PBXBuildFile; fileRef = EA7AFF2C256330A700C906BB /* Array+Identifiable.swift */; };
		EA7AFF30256347D600C906BB /* Array+Only.swift in Sources */ = {isa = PBXBuildFile; fileRef = EA7AFF2F256347D600C906BB /* Array+Only.swift */; };
		EA7AFF332563974A00C906BB /* Pie.swift in Sources */ = {isa = PBXBuildFile; fileRef = EA7AFF322563974A00C906BB /* Pie.swift */; };
		EA7AFF362563A7EB00C906BB /* Cardify.swift in Sources */ = {isa = PBXBuildFile; fileRef = EA7AFF352563A7EB00C906BB /* Cardify.swift */; };
/* End PBXBuildFile section */

/* Begin PBXFileReference section */
		EA50FBB025520AE10004421E /* Memorize.app */ = {isa = PBXFileReference; explicitFileType = wrapper.application; includeInIndex = 0; path = Memorize.app; sourceTree = BUILT_PRODUCTS_DIR; };
		EA50FBB325520AE10004421E /* AppDelegate.swift */ = {isa = PBXFileReference; lastKnownFileType = sourcecode.swift; path = AppDelegate.swift; sourceTree = "<group>"; };
		EA50FBB525520AE10004421E /* SceneDelegate.swift */ = {isa = PBXFileReference; lastKnownFileType = sourcecode.swift; path = SceneDelegate.swift; sourceTree = "<group>"; };
		EA50FBB725520AE10004421E /* EmojiMemoryGameView.swift */ = {isa = PBXFileReference; lastKnownFileType = sourcecode.swift; path = EmojiMemoryGameView.swift; sourceTree = "<group>"; };
		EA50FBB925520AE10004421E /* Assets.xcassets */ = {isa = PBXFileReference; lastKnownFileType = folder.assetcatalog; path = Assets.xcassets; sourceTree = "<group>"; };
		EA50FBBC25520AE10004421E /* Preview Assets.xcassets */ = {isa = PBXFileReference; lastKnownFileType = folder.assetcatalog; path = "Preview Assets.xcassets"; sourceTree = "<group>"; };
		EA50FBBF25520AE10004421E /* Base */ = {isa = PBXFileReference; lastKnownFileType = file.storyboard; name = Base; path = Base.lproj/LaunchScreen.storyboard; sourceTree = "<group>"; };
		EA50FBC125520AE10004421E /* Info.plist */ = {isa = PBXFileReference; lastKnownFileType = text.plist.xml; path = Info.plist; sourceTree = "<group>"; };
		EA7AFF1D2561DBD500C906BB /* MemoryGame.swift */ = {isa = PBXFileReference; lastKnownFileType = sourcecode.swift; path = MemoryGame.swift; sourceTree = "<group>"; };
		EA7AFF202561E05C00C906BB /* EmojiMemoryGame.swift */ = {isa = PBXFileReference; lastKnownFileType = sourcecode.swift; path = EmojiMemoryGame.swift; sourceTree = "<group>"; };
		EA7AFF262563107C00C906BB /* Grid.swift */ = {isa = PBXFileReference; lastKnownFileType = sourcecode.swift; path = Grid.swift; sourceTree = "<group>"; };
		EA7AFF2925632A7700C906BB /* GridLayout.swift */ = {isa = PBXFileReference; fileEncoding = 4; lastKnownFileType = sourcecode.swift; path = GridLayout.swift; sourceTree = "<group>"; };
		EA7AFF2C256330A700C906BB /* Array+Identifiable.swift */ = {isa = PBXFileReference; lastKnownFileType = sourcecode.swift; path = "Array+Identifiable.swift"; sourceTree = "<group>"; };
		EA7AFF2F256347D600C906BB /* Array+Only.swift */ = {isa = PBXFileReference; lastKnownFileType = sourcecode.swift; path = "Array+Only.swift"; sourceTree = "<group>"; };
		EA7AFF322563974A00C906BB /* Pie.swift */ = {isa = PBXFileReference; lastKnownFileType = sourcecode.swift; path = Pie.swift; sourceTree = "<group>"; };
		EA7AFF352563A7EB00C906BB /* Cardify.swift */ = {isa = PBXFileReference; lastKnownFileType = sourcecode.swift; path = Cardify.swift; sourceTree = "<group>"; };
/* End PBXFileReference section */

/* Begin PBXFrameworksBuildPhase section */
		EA50FBAD25520AE10004421E /* Frameworks */ = {
			isa = PBXFrameworksBuildPhase;
			buildActionMask = 2147483647;
			files = (
			);
			runOnlyForDeploymentPostprocessing = 0;
		};
/* End PBXFrameworksBuildPhase section */

/* Begin PBXGroup section */
		EA50FBA725520AE10004421E = {
			isa = PBXGroup;
			children = (
				EA50FBB225520AE10004421E /* Memorize */,
				EA50FBB125520AE10004421E /* Products */,
			);
			sourceTree = "<group>";
		};
		EA50FBB125520AE10004421E /* Products */ = {
			isa = PBXGroup;
			children = (
				EA50FBB025520AE10004421E /* Memorize.app */,
			);
			name = Products;
			sourceTree = "<group>";
		};
		EA50FBB225520AE10004421E /* Memorize */ = {
			isa = PBXGroup;
			children = (
				EA50FBB325520AE10004421E /* AppDelegate.swift */,
				EA50FBB525520AE10004421E /* SceneDelegate.swift */,
				EA50FBB725520AE10004421E /* EmojiMemoryGameView.swift */,
				EA7AFF352563A7EB00C906BB /* Cardify.swift */,
				EA7AFF322563974A00C906BB /* Pie.swift */,
				EA7AFF262563107C00C906BB /* Grid.swift */,
				EA7AFF2C256330A700C906BB /* Array+Identifiable.swift */,
				EA7AFF2925632A7700C906BB /* GridLayout.swift */,
				EA7AFF202561E05C00C906BB /* EmojiMemoryGame.swift */,
				EA7AFF1D2561DBD500C906BB /* MemoryGame.swift */,
				EA7AFF2F256347D600C906BB /* Array+Only.swift */,
				EA50FBB925520AE10004421E /* Assets.xcassets */,
				EA50FBBE25520AE10004421E /* LaunchScreen.storyboard */,
				EA50FBC125520AE10004421E /* Info.plist */,
				EA50FBBB25520AE10004421E /* Preview Content */,
			);
			path = Memorize;
			sourceTree = "<group>";
		};
		EA50FBBB25520AE10004421E /* Preview Content */ = {
			isa = PBXGroup;
			children = (
				EA50FBBC25520AE10004421E /* Preview Assets.xcassets */,
			);
			path = "Preview Content";
			sourceTree = "<group>";
		};
/* End PBXGroup section */

/* Begin PBXNativeTarget section */
		EA50FBAF25520AE10004421E /* Memorize */ = {
			isa = PBXNativeTarget;
			buildConfigurationList = EA50FBC425520AE10004421E /* Build configuration list for PBXNativeTarget "Memorize" */;
			buildPhases = (
				EA50FBAC25520AE10004421E /* Sources */,
				EA50FBAD25520AE10004421E /* Frameworks */,
				EA50FBAE25520AE10004421E /* Resources */,
			);
			buildRules = (
			);
			dependencies = (
			);
			name = Memorize;
			productName = Memorize;
			productReference = EA50FBB025520AE10004421E /* Memorize.app */;
			productType = "com.apple.product-type.application";
		};
/* End PBXNativeTarget section */

/* Begin PBXProject section */
		EA50FBA825520AE10004421E /* Project object */ = {
			isa = PBXProject;
			attributes = {
				LastSwiftUpdateCheck = 1210;
				LastUpgradeCheck = 1210;
				TargetAttributes = {
					EA50FBAF25520AE10004421E = {
						CreatedOnToolsVersion = 12.1;
					};
				};
			};
			buildConfigurationList = EA50FBAB25520AE10004421E /* Build configuration list for PBXProject "Memorize" */;
			compatibilityVersion = "Xcode 9.3";
			developmentRegion = en;
			hasScannedForEncodings = 0;
			knownRegions = (
				en,
				Base,
			);
			mainGroup = EA50FBA725520AE10004421E;
			productRefGroup = EA50FBB125520AE10004421E /* Products */;
			projectDirPath = "";
			projectRoot = "";
			targets = (
				EA50FBAF25520AE10004421E /* Memorize */,
			);
		};
/* End PBXProject section */

/* Begin PBXResourcesBuildPhase section */
		EA50FBAE25520AE10004421E /* Resources */ = {
			isa = PBXResourcesBuildPhase;
			buildActionMask = 2147483647;
			files = (
				EA50FBC025520AE10004421E /* LaunchScreen.storyboard in Resources */,
				EA50FBBD25520AE10004421E /* Preview Assets.xcassets in Resources */,
				EA50FBBA25520AE10004421E /* Assets.xcassets in Resources */,
			);
			runOnlyForDeploymentPostprocessing = 0;
		};
/* End PBXResourcesBuildPhase section */

/* Begin PBXSourcesBuildPhase section */
		EA50FBAC25520AE10004421E /* Sources */ = {
			isa = PBXSourcesBuildPhase;
			buildActionMask = 2147483647;
			files = (
				EA7AFF362563A7EB00C906BB /* Cardify.swift in Sources */,
				EA7AFF332563974A00C906BB /* Pie.swift in Sources */,
				EA50FBB425520AE10004421E /* AppDelegate.swift in Sources */,
				EA50FBB625520AE10004421E /* SceneDelegate.swift in Sources */,
				EA7AFF1E2561DBD500C906BB /* MemoryGame.swift in Sources */,
				EA7AFF30256347D600C906BB /* Array+Only.swift in Sources */,
				EA50FBB825520AE10004421E /* EmojiMemoryGameView.swift in Sources */,
				EA7AFF212561E05C00C906BB /* EmojiMemoryGame.swift in Sources */,
				EA7AFF2D256330A700C906BB /* Array+Identifiable.swift in Sources */,
				EA7AFF2A25632A7700C906BB /* GridLayout.swift in Sources */,
				EA7AFF272563107C00C906BB /* Grid.swift in Sources */,
			);
			runOnlyForDeploymentPostprocessing = 0;
		};
/* End PBXSourcesBuildPhase section */

/* Begin PBXVariantGroup section */
		EA50FBBE25520AE10004421E /* LaunchScreen.storyboard */ = {
			isa = PBXVariantGroup;
			children = (
				EA50FBBF25520AE10004421E /* Base */,
			);
			name = LaunchScreen.storyboard;
			sourceTree = "<group>";
		};
/* End PBXVariantGroup section */

/* Begin XCBuildConfiguration section */
		EA50FBC225520AE10004421E /* Debug */ = {
			isa = XCBuildConfiguration;
			buildSettings = {
				ALWAYS_SEARCH_USER_PATHS = NO;
				CLANG_ANALYZER_NONNULL = YES;
				CLANG_ANALYZER_NUMBER_OBJECT_CONVERSION = YES_AGGRESSIVE;
				CLANG_CXX_LANGUAGE_STANDARD = "gnu++14";
				CLANG_CXX_LIBRARY = "libc++";
				CLANG_ENABLE_MODULES = YES;
				CLANG_ENABLE_OBJC_ARC = YES;
				CLANG_ENABLE_OBJC_WEAK = YES;
				CLANG_WARN_BLOCK_CAPTURE_AUTORELEASING = YES;
				CLANG_WARN_BOOL_CONVERSION = YES;
				CLANG_WARN_COMMA = YES;
				CLANG_WARN_CONSTANT_CONVERSION = YES;
				CLANG_WARN_DEPRECATED_OBJC_IMPLEMENTATIONS = YES;
				CLANG_WARN_DIRECT_OBJC_ISA_USAGE = YES_ERROR;
				CLANG_WARN_DOCUMENTATION_COMMENTS = YES;
				CLANG_WARN_EMPTY_BODY = YES;
				CLANG_WARN_ENUM_CONVERSION = YES;
				CLANG_WARN_INFINITE_RECURSION = YES;
				CLANG_WARN_INT_CONVERSION = YES;
				CLANG_WARN_NON_LITERAL_NULL_CONVERSION = YES;
				CLANG_WARN_OBJC_IMPLICIT_RETAIN_SELF = YES;
				CLANG_WARN_OBJC_LITERAL_CONVERSION = YES;
				CLANG_WARN_OBJC_ROOT_CLASS = YES_ERROR;
				CLANG_WARN_QUOTED_INCLUDE_IN_FRAMEWORK_HEADER = YES;
				CLANG_WARN_RANGE_LOOP_ANALYSIS = YES;
				CLANG_WARN_STRICT_PROTOTYPES = YES;
				CLANG_WARN_SUSPICIOUS_MOVE = YES;
				CLANG_WARN_UNGUARDED_AVAILABILITY = YES_AGGRESSIVE;
				CLANG_WARN_UNREACHABLE_CODE = YES;
				CLANG_WARN__DUPLICATE_METHOD_MATCH = YES;
				COPY_PHASE_STRIP = NO;
				DEBUG_INFORMATION_FORMAT = dwarf;
				ENABLE_STRICT_OBJC_MSGSEND = YES;
				ENABLE_TESTABILITY = YES;
				GCC_C_LANGUAGE_STANDARD = gnu11;
				GCC_DYNAMIC_NO_PIC = NO;
				GCC_NO_COMMON_BLOCKS = YES;
				GCC_OPTIMIZATION_LEVEL = 0;
				GCC_PREPROCESSOR_DEFINITIONS = (
					"DEBUG=1",
					"$(inherited)",
				);
				GCC_WARN_64_TO_32_BIT_CONVERSION = YES;
				GCC_WARN_ABOUT_RETURN_TYPE = YES_ERROR;
				GCC_WARN_UNDECLARED_SELECTOR = YES;
				GCC_WARN_UNINITIALIZED_AUTOS = YES_AGGRESSIVE;
				GCC_WARN_UNUSED_FUNCTION = YES;
				GCC_WARN_UNUSED_VARIABLE = YES;
				IPHONEOS_DEPLOYMENT_TARGET = 14.1;
				MTL_ENABLE_DEBUG_INFO = INCLUDE_SOURCE;
				MTL_FAST_MATH = YES;
				ONLY_ACTIVE_ARCH = YES;
				SDKROOT = iphoneos;
				SWIFT_ACTIVE_COMPILATION_CONDITIONS = DEBUG;
				SWIFT_OPTIMIZATION_LEVEL = "-Onone";
			};
			name = Debug;
		};
		EA50FBC325520AE10004421E /* Release */ = {
			isa = XCBuildConfiguration;
			buildSettings = {
				ALWAYS_SEARCH_USER_PATHS = NO;
				CLANG_ANALYZER_NONNULL = YES;
				CLANG_ANALYZER_NUMBER_OBJECT_CONVERSION = YES_AGGRESSIVE;
				CLANG_CXX_LANGUAGE_STANDARD = "gnu++14";
				CLANG_CXX_LIBRARY = "libc++";
				CLANG_ENABLE_MODULES = YES;
				CLANG_ENABLE_OBJC_ARC = YES;
				CLANG_ENABLE_OBJC_WEAK = YES;
				CLANG_WARN_BLOCK_CAPTURE_AUTORELEASING = YES;
				CLANG_WARN_BOOL_CONVERSION = YES;
				CLANG_WARN_COMMA = YES;
				CLANG_WARN_CONSTANT_CONVERSION = YES;
				CLANG_WARN_DEPRECATED_OBJC_IMPLEMENTATIONS = YES;
				CLANG_WARN_DIRECT_OBJC_ISA_USAGE = YES_ERROR;
				CLANG_WARN_DOCUMENTATION_COMMENTS = YES;
				CLANG_WARN_EMPTY_BODY = YES;
				CLANG_WARN_ENUM_CONVERSION = YES;
				CLANG_WARN_INFINITE_RECURSION = YES;
				CLANG_WARN_INT_CONVERSION = YES;
				CLANG_WARN_NON_LITERAL_NULL_CONVERSION = YES;
				CLANG_WARN_OBJC_IMPLICIT_RETAIN_SELF = YES;
				CLANG_WARN_OBJC_LITERAL_CONVERSION = YES;
				CLANG_WARN_OBJC_ROOT_CLASS = YES_ERROR;
				CLANG_WARN_QUOTED_INCLUDE_IN_FRAMEWORK_HEADER = YES;
				CLANG_WARN_RANGE_LOOP_ANALYSIS = YES;
				CLANG_WARN_STRICT_PROTOTYPES = YES;
				CLANG_WARN_SUSPICIOUS_MOVE = YES;
				CLANG_WARN_UNGUARDED_AVAILABILITY = YES_AGGRESSIVE;
				CLANG_WARN_UNREACHABLE_CODE = YES;
				CLANG_WARN__DUPLICATE_METHOD_MATCH = YES;
				COPY_PHASE_STRIP = NO;
				DEBUG_INFORMATION_FORMAT = "dwarf-with-dsym";
				ENABLE_NS_ASSERTIONS = NO;
				ENABLE_STRICT_OBJC_MSGSEND = YES;
				GCC_C_LANGUAGE_STANDARD = gnu11;
				GCC_NO_COMMON_BLOCKS = YES;
				GCC_WARN_64_TO_32_BIT_CONVERSION = YES;
				GCC_WARN_ABOUT_RETURN_TYPE = YES_ERROR;
				GCC_WARN_UNDECLARED_SELECTOR = YES;
				GCC_WARN_UNINITIALIZED_AUTOS = YES_AGGRESSIVE;
				GCC_WARN_UNUSED_FUNCTION = YES;
				GCC_WARN_UNUSED_VARIABLE = YES;
				IPHONEOS_DEPLOYMENT_TARGET = 14.1;
				MTL_ENABLE_DEBUG_INFO = NO;
				MTL_FAST_MATH = YES;
				SDKROOT = iphoneos;
				SWIFT_COMPILATION_MODE = wholemodule;
				SWIFT_OPTIMIZATION_LEVEL = "-O";
				VALIDATE_PRODUCT = YES;
			};
			name = Release;
		};
		EA50FBC525520AE10004421E /* Debug */ = {
			isa = XCBuildConfiguration;
			buildSettings = {
				ASSETCATALOG_COMPILER_APPICON_NAME = AppIcon;
				ASSETCATALOG_COMPILER_GLOBAL_ACCENT_COLOR_NAME = AccentColor;
				CODE_SIGN_STYLE = Automatic;
				DEVELOPMENT_ASSET_PATHS = "\"Memorize/Preview Content\"";
				DEVELOPMENT_TEAM = 59D32UN44P;
				ENABLE_PREVIEWS = YES;
				INFOPLIST_FILE = Memorize/Info.plist;
				LD_RUNPATH_SEARCH_PATHS = (
					"$(inherited)",
					"@executable_path/Frameworks",
				);
				PRODUCT_BUNDLE_IDENTIFIER = edu.usc.weilinga.Memorize;
				PRODUCT_NAME = "$(TARGET_NAME)";
				SWIFT_VERSION = 5.0;
				TARGETED_DEVICE_FAMILY = "1,2";
			};
			name = Debug;
		};
		EA50FBC625520AE10004421E /* Release */ = {
			isa = XCBuildConfiguration;
			buildSettings = {
				ASSETCATALOG_COMPILER_APPICON_NAME = AppIcon;
				ASSETCATALOG_COMPILER_GLOBAL_ACCENT_COLOR_NAME = AccentColor;
				CODE_SIGN_STYLE = Automatic;
				DEVELOPMENT_ASSET_PATHS = "\"Memorize/Preview Content\"";
				DEVELOPMENT_TEAM = 59D32UN44P;
				ENABLE_PREVIEWS = YES;
				INFOPLIST_FILE = Memorize/Info.plist;
				LD_RUNPATH_SEARCH_PATHS = (
					"$(inherited)",
					"@executable_path/Frameworks",
				);
				PRODUCT_BUNDLE_IDENTIFIER = edu.usc.weilinga.Memorize;
				PRODUCT_NAME = "$(TARGET_NAME)";
				SWIFT_VERSION = 5.0;
				TARGETED_DEVICE_FAMILY = "1,2";
			};
			name = Release;
		};
/* End XCBuildConfiguration section */

/* Begin XCConfigurationList section */
		EA50FBAB25520AE10004421E /* Build configuration list for PBXProject "Memorize" */ = {
			isa = XCConfigurationList;
			buildConfigurations = (
				EA50FBC225520AE10004421E /* Debug */,
				EA50FBC325520AE10004421E /* Release */,
			);
			defaultConfigurationIsVisible = 0;
			defaultConfigurationName = Release;
		};
		EA50FBC425520AE10004421E /* Build configuration list for PBXNativeTarget "Memorize" */ = {
			isa = XCConfigurationList;
			buildConfigurations = (
				EA50FBC525520AE10004421E /* Debug */,
				EA50FBC625520AE10004421E /* Release */,
			);
			defaultConfigurationIsVisible = 0;
			defaultConfigurationName = Release;
		};
/* End XCConfigurationList section */
	};
	rootObject = EA50FBA825520AE10004421E /* Project object */;
}
